// !$*UTF8*$!
{
	archiveVersion = 1;
	classes = {
	};
	objectVersion = 77;
	objects = {

/* Begin PBXBuildFile section */
		D23907F12D718E7500F19854 /* SnapKit in Frameworks */ = {isa = PBXBuildFile; productRef = D23907F02D718E7500F19854 /* SnapKit */; };
		D23907F42D718E8E00F19854 /* Then in Frameworks */ = {isa = PBXBuildFile; productRef = D23907F32D718E8E00F19854 /* Then */; };
		D23907F72D718FE900F19854 /* RxBlocking in Frameworks */ = {isa = PBXBuildFile; productRef = D23907F62D718FE900F19854 /* RxBlocking */; };
		D23907F92D718FE900F19854 /* RxCocoa in Frameworks */ = {isa = PBXBuildFile; productRef = D23907F82D718FE900F19854 /* RxCocoa */; };
		D23907FB2D718FE900F19854 /* RxRelay in Frameworks */ = {isa = PBXBuildFile; productRef = D23907FA2D718FE900F19854 /* RxRelay */; };
/* End PBXBuildFile section */

/* Begin PBXContainerItemProxy section */
		D23907D22D718E4900F19854 /* PBXContainerItemProxy */ = {
			isa = PBXContainerItemProxy;
			containerPortal = D23907B32D718E4700F19854 /* Project object */;
			proxyType = 1;
			remoteGlobalIDString = D23907BA2D718E4700F19854;
			remoteInfo = ExampleAsyncAwait;
		};
		D23907DC2D718E4900F19854 /* PBXContainerItemProxy */ = {
			isa = PBXContainerItemProxy;
			containerPortal = D23907B32D718E4700F19854 /* Project object */;
			proxyType = 1;
			remoteGlobalIDString = D23907BA2D718E4700F19854;
			remoteInfo = ExampleAsyncAwait;
		};
/* End PBXContainerItemProxy section */

/* Begin PBXFileReference section */
		D23907BB2D718E4700F19854 /* ExampleAsyncAwait.app */ = {isa = PBXFileReference; explicitFileType = wrapper.application; includeInIndex = 0; path = ExampleAsyncAwait.app; sourceTree = BUILT_PRODUCTS_DIR; };
		D23907D12D718E4900F19854 /* ExampleAsyncAwaitTests.xctest */ = {isa = PBXFileReference; explicitFileType = wrapper.cfbundle; includeInIndex = 0; path = ExampleAsyncAwaitTests.xctest; sourceTree = BUILT_PRODUCTS_DIR; };
		D23907DB2D718E4900F19854 /* ExampleAsyncAwaitUITests.xctest */ = {isa = PBXFileReference; explicitFileType = wrapper.cfbundle; includeInIndex = 0; path = ExampleAsyncAwaitUITests.xctest; sourceTree = BUILT_PRODUCTS_DIR; };
/* End PBXFileReference section */

/* Begin PBXFileSystemSynchronizedBuildFileExceptionSet section */
		D23907E32D718E4900F19854 /* Exceptions for "ExampleAsyncAwait" folder in "ExampleAsyncAwait" target */ = {
			isa = PBXFileSystemSynchronizedBuildFileExceptionSet;
			membershipExceptions = (
				Info.plist,
			);
			target = D23907BA2D718E4700F19854 /* ExampleAsyncAwait */;
		};
/* End PBXFileSystemSynchronizedBuildFileExceptionSet section */

/* Begin PBXFileSystemSynchronizedRootGroup section */
		D23907BD2D718E4700F19854 /* ExampleAsyncAwait */ = {
			isa = PBXFileSystemSynchronizedRootGroup;
			exceptions = (
				D23907E32D718E4900F19854 /* Exceptions for "ExampleAsyncAwait" folder in "ExampleAsyncAwait" target */,
			);
			path = ExampleAsyncAwait;
			sourceTree = "<group>";
		};
		D23907D42D718E4900F19854 /* ExampleAsyncAwaitTests */ = {
			isa = PBXFileSystemSynchronizedRootGroup;
			path = ExampleAsyncAwaitTests;
			sourceTree = "<group>";
		};
		D23907DE2D718E4900F19854 /* ExampleAsyncAwaitUITests */ = {
			isa = PBXFileSystemSynchronizedRootGroup;
			path = ExampleAsyncAwaitUITests;
			sourceTree = "<group>";
		};
/* End PBXFileSystemSynchronizedRootGroup section */

/* Begin PBXFrameworksBuildPhase section */
		D23907B82D718E4700F19854 /* Frameworks */ = {
			isa = PBXFrameworksBuildPhase;
			buildActionMask = 2147483647;
			files = (
				D23907FB2D718FE900F19854 /* RxRelay in Frameworks */,
				D23907F12D718E7500F19854 /* SnapKit in Frameworks */,
				D23907F72D718FE900F19854 /* RxBlocking in Frameworks */,
				D23907F92D718FE900F19854 /* RxCocoa in Frameworks */,
				D23907F42D718E8E00F19854 /* Then in Frameworks */,
			);
			runOnlyForDeploymentPostprocessing = 0;
		};
		D23907CE2D718E4900F19854 /* Frameworks */ = {
			isa = PBXFrameworksBuildPhase;
			buildActionMask = 2147483647;
			files = (
			);
			runOnlyForDeploymentPostprocessing = 0;
		};
		D23907D82D718E4900F19854 /* Frameworks */ = {
			isa = PBXFrameworksBuildPhase;
			buildActionMask = 2147483647;
			files = (
			);
			runOnlyForDeploymentPostprocessing = 0;
		};
/* End PBXFrameworksBuildPhase section */

/* Begin PBXGroup section */
		D23907B22D718E4700F19854 = {
			isa = PBXGroup;
			children = (
				D23907BD2D718E4700F19854 /* ExampleAsyncAwait */,
				D23907D42D718E4900F19854 /* ExampleAsyncAwaitTests */,
				D23907DE2D718E4900F19854 /* ExampleAsyncAwaitUITests */,
				D23907BC2D718E4700F19854 /* Products */,
			);
			sourceTree = "<group>";
		};
		D23907BC2D718E4700F19854 /* Products */ = {
			isa = PBXGroup;
			children = (
				D23907BB2D718E4700F19854 /* ExampleAsyncAwait.app */,
				D23907D12D718E4900F19854 /* ExampleAsyncAwaitTests.xctest */,
				D23907DB2D718E4900F19854 /* ExampleAsyncAwaitUITests.xctest */,
			);
			name = Products;
			sourceTree = "<group>";
		};
/* End PBXGroup section */

/* Begin PBXNativeTarget section */
		D23907BA2D718E4700F19854 /* ExampleAsyncAwait */ = {
			isa = PBXNativeTarget;
			buildConfigurationList = D23907E42D718E4900F19854 /* Build configuration list for PBXNativeTarget "ExampleAsyncAwait" */;
			buildPhases = (
				D23907B72D718E4700F19854 /* Sources */,
				D23907B82D718E4700F19854 /* Frameworks */,
				D23907B92D718E4700F19854 /* Resources */,
			);
			buildRules = (
			);
			dependencies = (
			);
			fileSystemSynchronizedGroups = (
				D23907BD2D718E4700F19854 /* ExampleAsyncAwait */,
			);
			name = ExampleAsyncAwait;
			packageProductDependencies = (
				D23907F02D718E7500F19854 /* SnapKit */,
				D23907F32D718E8E00F19854 /* Then */,
				D23907F62D718FE900F19854 /* RxBlocking */,
				D23907F82D718FE900F19854 /* RxCocoa */,
				D23907FA2D718FE900F19854 /* RxRelay */,
			);
			productName = ExampleAsyncAwait;
			productReference = D23907BB2D718E4700F19854 /* ExampleAsyncAwait.app */;
			productType = "com.apple.product-type.application";
		};
		D23907D02D718E4900F19854 /* ExampleAsyncAwaitTests */ = {
			isa = PBXNativeTarget;
			buildConfigurationList = D23907E92D718E4900F19854 /* Build configuration list for PBXNativeTarget "ExampleAsyncAwaitTests" */;
			buildPhases = (
				D23907CD2D718E4900F19854 /* Sources */,
				D23907CE2D718E4900F19854 /* Frameworks */,
				D23907CF2D718E4900F19854 /* Resources */,
			);
			buildRules = (
			);
			dependencies = (
				D23907D32D718E4900F19854 /* PBXTargetDependency */,
			);
			fileSystemSynchronizedGroups = (
				D23907D42D718E4900F19854 /* ExampleAsyncAwaitTests */,
			);
			name = ExampleAsyncAwaitTests;
			packageProductDependencies = (
			);
			productName = ExampleAsyncAwaitTests;
			productReference = D23907D12D718E4900F19854 /* ExampleAsyncAwaitTests.xctest */;
			productType = "com.apple.product-type.bundle.unit-test";
		};
		D23907DA2D718E4900F19854 /* ExampleAsyncAwaitUITests */ = {
			isa = PBXNativeTarget;
			buildConfigurationList = D23907EC2D718E4900F19854 /* Build configuration list for PBXNativeTarget "ExampleAsyncAwaitUITests" */;
			buildPhases = (
				D23907D72D718E4900F19854 /* Sources */,
				D23907D82D718E4900F19854 /* Frameworks */,
				D23907D92D718E4900F19854 /* Resources */,
			);
			buildRules = (
			);
			dependencies = (
				D23907DD2D718E4900F19854 /* PBXTargetDependency */,
			);
			fileSystemSynchronizedGroups = (
				D23907DE2D718E4900F19854 /* ExampleAsyncAwaitUITests */,
			);
			name = ExampleAsyncAwaitUITests;
			packageProductDependencies = (
			);
			productName = ExampleAsyncAwaitUITests;
			productReference = D23907DB2D718E4900F19854 /* ExampleAsyncAwaitUITests.xctest */;
			productType = "com.apple.product-type.bundle.ui-testing";
		};
/* End PBXNativeTarget section */

/* Begin PBXProject section */
		D23907B32D718E4700F19854 /* Project object */ = {
			isa = PBXProject;
			attributes = {
				BuildIndependentTargetsInParallel = 1;
				LastSwiftUpdateCheck = 1610;
				LastUpgradeCheck = 1610;
				TargetAttributes = {
					D23907BA2D718E4700F19854 = {
						CreatedOnToolsVersion = 16.1;
					};
					D23907D02D718E4900F19854 = {
						CreatedOnToolsVersion = 16.1;
						TestTargetID = D23907BA2D718E4700F19854;
					};
					D23907DA2D718E4900F19854 = {
						CreatedOnToolsVersion = 16.1;
						TestTargetID = D23907BA2D718E4700F19854;
					};
				};
			};
			buildConfigurationList = D23907B62D718E4700F19854 /* Build configuration list for PBXProject "ExampleAsyncAwait" */;
			developmentRegion = en;
			hasScannedForEncodings = 0;
			knownRegions = (
				en,
				Base,
			);
			mainGroup = D23907B22D718E4700F19854;
			minimizedProjectReferenceProxies = 1;
			packageReferences = (
				D23907EF2D718E7500F19854 /* XCRemoteSwiftPackageReference "SnapKit" */,
				D23907F22D718E8E00F19854 /* XCRemoteSwiftPackageReference "Then" */,
				D23907F52D718FE900F19854 /* XCRemoteSwiftPackageReference "RxSwift" */,
			);
			preferredProjectObjectVersion = 77;
			productRefGroup = D23907BC2D718E4700F19854 /* Products */;
			projectDirPath = "";
			projectRoot = "";
			targets = (
				D23907BA2D718E4700F19854 /* ExampleAsyncAwait */,
				D23907D02D718E4900F19854 /* ExampleAsyncAwaitTests */,
				D23907DA2D718E4900F19854 /* ExampleAsyncAwaitUITests */,
			);
		};
/* End PBXProject section */

/* Begin PBXResourcesBuildPhase section */
		D23907B92D718E4700F19854 /* Resources */ = {
			isa = PBXResourcesBuildPhase;
			buildActionMask = 2147483647;
			files = (
			);
			runOnlyForDeploymentPostprocessing = 0;
		};
		D23907CF2D718E4900F19854 /* Resources */ = {
			isa = PBXResourcesBuildPhase;
			buildActionMask = 2147483647;
			files = (
			);
			runOnlyForDeploymentPostprocessing = 0;
		};
		D23907D92D718E4900F19854 /* Resources */ = {
			isa = PBXResourcesBuildPhase;
			buildActionMask = 2147483647;
			files = (
			);
			runOnlyForDeploymentPostprocessing = 0;
		};
/* End PBXResourcesBuildPhase section */

/* Begin PBXSourcesBuildPhase section */
		D23907B72D718E4700F19854 /* Sources */ = {
			isa = PBXSourcesBuildPhase;
			buildActionMask = 2147483647;
			files = (
			);
			runOnlyForDeploymentPostprocessing = 0;
		};
		D23907CD2D718E4900F19854 /* Sources */ = {
			isa = PBXSourcesBuildPhase;
			buildActionMask = 2147483647;
			files = (
			);
			runOnlyForDeploymentPostprocessing = 0;
		};
		D23907D72D718E4900F19854 /* Sources */ = {
			isa = PBXSourcesBuildPhase;
			buildActionMask = 2147483647;
			files = (
			);
			runOnlyForDeploymentPostprocessing = 0;
		};
/* End PBXSourcesBuildPhase section */

/* Begin PBXTargetDependency section */
		D23907D32D718E4900F19854 /* PBXTargetDependency */ = {
			isa = PBXTargetDependency;
			target = D23907BA2D718E4700F19854 /* ExampleAsyncAwait */;
			targetProxy = D23907D22D718E4900F19854 /* PBXContainerItemProxy */;
		};
		D23907DD2D718E4900F19854 /* PBXTargetDependency */ = {
			isa = PBXTargetDependency;
			target = D23907BA2D718E4700F19854 /* ExampleAsyncAwait */;
			targetProxy = D23907DC2D718E4900F19854 /* PBXContainerItemProxy */;
		};
/* End PBXTargetDependency section */

/* Begin XCBuildConfiguration section */
		D23907E52D718E4900F19854 /* Debug */ = {
			isa = XCBuildConfiguration;
			buildSettings = {
				ASSETCATALOG_COMPILER_APPICON_NAME = AppIcon;
				ASSETCATALOG_COMPILER_GLOBAL_ACCENT_COLOR_NAME = AccentColor;
				CODE_SIGN_STYLE = Automatic;
				CURRENT_PROJECT_VERSION = 1;
				DEVELOPMENT_TEAM = Y9WR52N5H5;
				GENERATE_INFOPLIST_FILE = YES;
				INFOPLIST_FILE = ExampleAsyncAwait/Info.plist;
				INFOPLIST_KEY_UIApplicationSupportsIndirectInputEvents = YES;
				INFOPLIST_KEY_UILaunchStoryboardName = LaunchScreen;
				INFOPLIST_KEY_UIMainStoryboardFile = Main;
				INFOPLIST_KEY_UISupportedInterfaceOrientations_iPad = "UIInterfaceOrientationPortrait UIInterfaceOrientationPortraitUpsideDown UIInterfaceOrientationLandscapeLeft UIInterfaceOrientationLandscapeRight";
				INFOPLIST_KEY_UISupportedInterfaceOrientations_iPhone = "UIInterfaceOrientationPortrait UIInterfaceOrientationLandscapeLeft UIInterfaceOrientationLandscapeRight";
				LD_RUNPATH_SEARCH_PATHS = (
					"$(inherited)",
					"@executable_path/Frameworks",
				);
				MARKETING_VERSION = 1.0;
				PRODUCT_BUNDLE_IDENTIFIER = com.hwangjaehyeon.ExampleAsyncAwait;
				PRODUCT_NAME = "$(TARGET_NAME)";
				SWIFT_EMIT_LOC_STRINGS = YES;
				SWIFT_VERSION = 5.0;
				TARGETED_DEVICE_FAMILY = "1,2";
			};
			name = Debug;
		};
		D23907E62D718E4900F19854 /* Release */ = {
			isa = XCBuildConfiguration;
			buildSettings = {
				ASSETCATALOG_COMPILER_APPICON_NAME = AppIcon;
				ASSETCATALOG_COMPILER_GLOBAL_ACCENT_COLOR_NAME = AccentColor;
				CODE_SIGN_STYLE = Automatic;
				CURRENT_PROJECT_VERSION = 1;
				DEVELOPMENT_TEAM = Y9WR52N5H5;
				GENERATE_INFOPLIST_FILE = YES;
				INFOPLIST_FILE = ExampleAsyncAwait/Info.plist;
				INFOPLIST_KEY_UIApplicationSupportsIndirectInputEvents = YES;
				INFOPLIST_KEY_UILaunchStoryboardName = LaunchScreen;
				INFOPLIST_KEY_UIMainStoryboardFile = Main;
				INFOPLIST_KEY_UISupportedInterfaceOrientations_iPad = "UIInterfaceOrientationPortrait UIInterfaceOrientationPortraitUpsideDown UIInterfaceOrientationLandscapeLeft UIInterfaceOrientationLandscapeRight";
				INFOPLIST_KEY_UISupportedInterfaceOrientations_iPhone = "UIInterfaceOrientationPortrait UIInterfaceOrientationLandscapeLeft UIInterfaceOrientationLandscapeRight";
				LD_RUNPATH_SEARCH_PATHS = (
					"$(inherited)",
					"@executable_path/Frameworks",
				);
				MARKETING_VERSION = 1.0;
				PRODUCT_BUNDLE_IDENTIFIER = com.hwangjaehyeon.ExampleAsyncAwait;
				PRODUCT_NAME = "$(TARGET_NAME)";
				SWIFT_EMIT_LOC_STRINGS = YES;
				SWIFT_VERSION = 5.0;
				TARGETED_DEVICE_FAMILY = "1,2";
			};
			name = Release;
		};
		D23907E72D718E4900F19854 /* Debug */ = {
			isa = XCBuildConfiguration;
			buildSettings = {
				ALWAYS_SEARCH_USER_PATHS = NO;
				ASSETCATALOG_COMPILER_GENERATE_SWIFT_ASSET_SYMBOL_EXTENSIONS = YES;
				CLANG_ANALYZER_NONNULL = YES;
				CLANG_ANALYZER_NUMBER_OBJECT_CONVERSION = YES_AGGRESSIVE;
				CLANG_CXX_LANGUAGE_STANDARD = "gnu++20";
				CLANG_ENABLE_MODULES = YES;
				CLANG_ENABLE_OBJC_ARC = YES;
				CLANG_ENABLE_OBJC_WEAK = YES;
				CLANG_WARN_BLOCK_CAPTURE_AUTORELEASING = YES;
				CLANG_WARN_BOOL_CONVERSION = YES;
				CLANG_WARN_COMMA = YES;
				CLANG_WARN_CONSTANT_CONVERSION = YES;
				CLANG_WARN_DEPRECATED_OBJC_IMPLEMENTATIONS = YES;
				CLANG_WARN_DIRECT_OBJC_ISA_USAGE = YES_ERROR;
				CLANG_WARN_DOCUMENTATION_COMMENTS = YES;
				CLANG_WARN_EMPTY_BODY = YES;
				CLANG_WARN_ENUM_CONVERSION = YES;
				CLANG_WARN_INFINITE_RECURSION = YES;
				CLANG_WARN_INT_CONVERSION = YES;
				CLANG_WARN_NON_LITERAL_NULL_CONVERSION = YES;
				CLANG_WARN_OBJC_IMPLICIT_RETAIN_SELF = YES;
				CLANG_WARN_OBJC_LITERAL_CONVERSION = YES;
				CLANG_WARN_OBJC_ROOT_CLASS = YES_ERROR;
				CLANG_WARN_QUOTED_INCLUDE_IN_FRAMEWORK_HEADER = YES;
				CLANG_WARN_RANGE_LOOP_ANALYSIS = YES;
				CLANG_WARN_STRICT_PROTOTYPES = YES;
				CLANG_WARN_SUSPICIOUS_MOVE = YES;
				CLANG_WARN_UNGUARDED_AVAILABILITY = YES_AGGRESSIVE;
				CLANG_WARN_UNREACHABLE_CODE = YES;
				CLANG_WARN__DUPLICATE_METHOD_MATCH = YES;
				COPY_PHASE_STRIP = NO;
				DEBUG_INFORMATION_FORMAT = dwarf;
				ENABLE_STRICT_OBJC_MSGSEND = YES;
				ENABLE_TESTABILITY = YES;
				ENABLE_USER_SCRIPT_SANDBOXING = YES;
				GCC_C_LANGUAGE_STANDARD = gnu17;
				GCC_DYNAMIC_NO_PIC = NO;
				GCC_NO_COMMON_BLOCKS = YES;
				GCC_OPTIMIZATION_LEVEL = 0;
				GCC_PREPROCESSOR_DEFINITIONS = (
					"DEBUG=1",
					"$(inherited)",
				);
				GCC_WARN_64_TO_32_BIT_CONVERSION = YES;
				GCC_WARN_ABOUT_RETURN_TYPE = YES_ERROR;
				GCC_WARN_UNDECLARED_SELECTOR = YES;
				GCC_WARN_UNINITIALIZED_AUTOS = YES_AGGRESSIVE;
				GCC_WARN_UNUSED_FUNCTION = YES;
				GCC_WARN_UNUSED_VARIABLE = YES;
				IPHONEOS_DEPLOYMENT_TARGET = 18.1;
				LOCALIZATION_PREFERS_STRING_CATALOGS = YES;
				MTL_ENABLE_DEBUG_INFO = INCLUDE_SOURCE;
				MTL_FAST_MATH = YES;
				ONLY_ACTIVE_ARCH = YES;
				SDKROOT = iphoneos;
				SWIFT_ACTIVE_COMPILATION_CONDITIONS = "DEBUG $(inherited)";
				SWIFT_OPTIMIZATION_LEVEL = "-Onone";
			};
			name = Debug;
		};
		D23907E82D718E4900F19854 /* Release */ = {
			isa = XCBuildConfiguration;
			buildSettings = {
				ALWAYS_SEARCH_USER_PATHS = NO;
				ASSETCATALOG_COMPILER_GENERATE_SWIFT_ASSET_SYMBOL_EXTENSIONS = YES;
				CLANG_ANALYZER_NONNULL = YES;
				CLANG_ANALYZER_NUMBER_OBJECT_CONVERSION = YES_AGGRESSIVE;
				CLANG_CXX_LANGUAGE_STANDARD = "gnu++20";
				CLANG_ENABLE_MODULES = YES;
				CLANG_ENABLE_OBJC_ARC = YES;
				CLANG_ENABLE_OBJC_WEAK = YES;
				CLANG_WARN_BLOCK_CAPTURE_AUTORELEASING = YES;
				CLANG_WARN_BOOL_CONVERSION = YES;
				CLANG_WARN_COMMA = YES;
				CLANG_WARN_CONSTANT_CONVERSION = YES;
				CLANG_WARN_DEPRECATED_OBJC_IMPLEMENTATIONS = YES;
				CLANG_WARN_DIRECT_OBJC_ISA_USAGE = YES_ERROR;
				CLANG_WARN_DOCUMENTATION_COMMENTS = YES;
				CLANG_WARN_EMPTY_BODY = YES;
				CLANG_WARN_ENUM_CONVERSION = YES;
				CLANG_WARN_INFINITE_RECURSION = YES;
				CLANG_WARN_INT_CONVERSION = YES;
				CLANG_WARN_NON_LITERAL_NULL_CONVERSION = YES;
				CLANG_WARN_OBJC_IMPLICIT_RETAIN_SELF = YES;
				CLANG_WARN_OBJC_LITERAL_CONVERSION = YES;
				CLANG_WARN_OBJC_ROOT_CLASS = YES_ERROR;
				CLANG_WARN_QUOTED_INCLUDE_IN_FRAMEWORK_HEADER = YES;
				CLANG_WARN_RANGE_LOOP_ANALYSIS = YES;
				CLANG_WARN_STRICT_PROTOTYPES = YES;
				CLANG_WARN_SUSPICIOUS_MOVE = YES;
				CLANG_WARN_UNGUARDED_AVAILABILITY = YES_AGGRESSIVE;
				CLANG_WARN_UNREACHABLE_CODE = YES;
				CLANG_WARN__DUPLICATE_METHOD_MATCH = YES;
				COPY_PHASE_STRIP = NO;
				DEBUG_INFORMATION_FORMAT = "dwarf-with-dsym";
				ENABLE_NS_ASSERTIONS = NO;
				ENABLE_STRICT_OBJC_MSGSEND = YES;
				ENABLE_USER_SCRIPT_SANDBOXING = YES;
				GCC_C_LANGUAGE_STANDARD = gnu17;
				GCC_NO_COMMON_BLOCKS = YES;
				GCC_WARN_64_TO_32_BIT_CONVERSION = YES;
				GCC_WARN_ABOUT_RETURN_TYPE = YES_ERROR;
				GCC_WARN_UNDECLARED_SELECTOR = YES;
				GCC_WARN_UNINITIALIZED_AUTOS = YES_AGGRESSIVE;
				GCC_WARN_UNUSED_FUNCTION = YES;
				GCC_WARN_UNUSED_VARIABLE = YES;
				IPHONEOS_DEPLOYMENT_TARGET = 18.1;
				LOCALIZATION_PREFERS_STRING_CATALOGS = YES;
				MTL_ENABLE_DEBUG_INFO = NO;
				MTL_FAST_MATH = YES;
				SDKROOT = iphoneos;
				SWIFT_COMPILATION_MODE = wholemodule;
				VALIDATE_PRODUCT = YES;
			};
			name = Release;
		};
		D23907EA2D718E4900F19854 /* Debug */ = {
			isa = XCBuildConfiguration;
			buildSettings = {
				BUNDLE_LOADER = "$(TEST_HOST)";
				CODE_SIGN_STYLE = Automatic;
				CURRENT_PROJECT_VERSION = 1;
				DEVELOPMENT_TEAM = Y9WR52N5H5;
				GENERATE_INFOPLIST_FILE = YES;
				IPHONEOS_DEPLOYMENT_TARGET = 18.1;
				MARKETING_VERSION = 1.0;
				PRODUCT_BUNDLE_IDENTIFIER = com.hwangjaehyeon.ExampleAsyncAwaitTests;
				PRODUCT_NAME = "$(TARGET_NAME)";
				SWIFT_EMIT_LOC_STRINGS = NO;
				SWIFT_VERSION = 5.0;
				TARGETED_DEVICE_FAMILY = "1,2";
				TEST_HOST = "$(BUILT_PRODUCTS_DIR)/ExampleAsyncAwait.app/$(BUNDLE_EXECUTABLE_FOLDER_PATH)/ExampleAsyncAwait";
			};
			name = Debug;
		};
		D23907EB2D718E4900F19854 /* Release */ = {
			isa = XCBuildConfiguration;
			buildSettings = {
				BUNDLE_LOADER = "$(TEST_HOST)";
				CODE_SIGN_STYLE = Automatic;
				CURRENT_PROJECT_VERSION = 1;
				DEVELOPMENT_TEAM = Y9WR52N5H5;
				GENERATE_INFOPLIST_FILE = YES;
				IPHONEOS_DEPLOYMENT_TARGET = 18.1;
				MARKETING_VERSION = 1.0;
				PRODUCT_BUNDLE_IDENTIFIER = com.hwangjaehyeon.ExampleAsyncAwaitTests;
				PRODUCT_NAME = "$(TARGET_NAME)";
				SWIFT_EMIT_LOC_STRINGS = NO;
				SWIFT_VERSION = 5.0;
				TARGETED_DEVICE_FAMILY = "1,2";
				TEST_HOST = "$(BUILT_PRODUCTS_DIR)/ExampleAsyncAwait.app/$(BUNDLE_EXECUTABLE_FOLDER_PATH)/ExampleAsyncAwait";
			};
			name = Release;
		};
		D23907ED2D718E4900F19854 /* Debug */ = {
			isa = XCBuildConfiguration;
			buildSettings = {
				CODE_SIGN_STYLE = Automatic;
				CURRENT_PROJECT_VERSION = 1;
				DEVELOPMENT_TEAM = Y9WR52N5H5;
				GENERATE_INFOPLIST_FILE = YES;
				MARKETING_VERSION = 1.0;
				PRODUCT_BUNDLE_IDENTIFIER = com.hwangjaehyeon.ExampleAsyncAwaitUITests;
				PRODUCT_NAME = "$(TARGET_NAME)";
				SWIFT_EMIT_LOC_STRINGS = NO;
				SWIFT_VERSION = 5.0;
				TARGETED_DEVICE_FAMILY = "1,2";
				TEST_TARGET_NAME = ExampleAsyncAwait;
			};
			name = Debug;
		};
		D23907EE2D718E4900F19854 /* Release */ = {
			isa = XCBuildConfiguration;
			buildSettings = {
				CODE_SIGN_STYLE = Automatic;
				CURRENT_PROJECT_VERSION = 1;
				DEVELOPMENT_TEAM = Y9WR52N5H5;
				GENERATE_INFOPLIST_FILE = YES;
				MARKETING_VERSION = 1.0;
				PRODUCT_BUNDLE_IDENTIFIER = com.hwangjaehyeon.ExampleAsyncAwaitUITests;
				PRODUCT_NAME = "$(TARGET_NAME)";
				SWIFT_EMIT_LOC_STRINGS = NO;
				SWIFT_VERSION = 5.0;
				TARGETED_DEVICE_FAMILY = "1,2";
				TEST_TARGET_NAME = ExampleAsyncAwait;
			};
			name = Release;
		};
/* End XCBuildConfiguration section */

/* Begin XCConfigurationList section */
		D23907B62D718E4700F19854 /* Build configuration list for PBXProject "ExampleAsyncAwait" */ = {
			isa = XCConfigurationList;
			buildConfigurations = (
				D23907E72D718E4900F19854 /* Debug */,
				D23907E82D718E4900F19854 /* Release */,
			);
			defaultConfigurationIsVisible = 0;
			defaultConfigurationName = Release;
		};
		D23907E42D718E4900F19854 /* Build configuration list for PBXNativeTarget "ExampleAsyncAwait" */ = {
			isa = XCConfigurationList;
			buildConfigurations = (
				D23907E52D718E4900F19854 /* Debug */,
				D23907E62D718E4900F19854 /* Release */,
			);
			defaultConfigurationIsVisible = 0;
			defaultConfigurationName = Release;
		};
		D23907E92D718E4900F19854 /* Build configuration list for PBXNativeTarget "ExampleAsyncAwaitTests" */ = {
			isa = XCConfigurationList;
			buildConfigurations = (
				D23907EA2D718E4900F19854 /* Debug */,
				D23907EB2D718E4900F19854 /* Release */,
			);
			defaultConfigurationIsVisible = 0;
			defaultConfigurationName = Release;
		};
		D23907EC2D718E4900F19854 /* Build configuration list for PBXNativeTarget "ExampleAsyncAwaitUITests" */ = {
			isa = XCConfigurationList;
			buildConfigurations = (
				D23907ED2D718E4900F19854 /* Debug */,
				D23907EE2D718E4900F19854 /* Release */,
			);
			defaultConfigurationIsVisible = 0;
			defaultConfigurationName = Release;
		};
/* End XCConfigurationList section */

/* Begin XCRemoteSwiftPackageReference section */
		D23907EF2D718E7500F19854 /* XCRemoteSwiftPackageReference "SnapKit" */ = {
			isa = XCRemoteSwiftPackageReference;
			repositoryURL = "https://github.com/SnapKit/SnapKit";
			requirement = {
				kind = upToNextMajorVersion;
				minimumVersion = 5.7.1;
			};
		};
		D23907F22D718E8E00F19854 /* XCRemoteSwiftPackageReference "Then" */ = {
			isa = XCRemoteSwiftPackageReference;
			repositoryURL = "https://github.com/devxoul/Then";
			requirement = {
				kind = upToNextMajorVersion;
				minimumVersion = 3.0.0;
			};
		};
		D23907F52D718FE900F19854 /* XCRemoteSwiftPackageReference "RxSwift" */ = {
			isa = XCRemoteSwiftPackageReference;
			repositoryURL = "https://github.com/ReactiveX/RxSwift";
			requirement = {
				kind = upToNextMajorVersion;
				minimumVersion = 6.9.0;
			};
		};
/* End XCRemoteSwiftPackageReference section */

/* Begin XCSwiftPackageProductDependency section */
		D23907F02D718E7500F19854 /* SnapKit */ = {
			isa = XCSwiftPackageProductDependency;
			package = D23907EF2D718E7500F19854 /* XCRemoteSwiftPackageReference "SnapKit" */;
			productName = SnapKit;
		};
		D23907F32D718E8E00F19854 /* Then */ = {
			isa = XCSwiftPackageProductDependency;
			package = D23907F22D718E8E00F19854 /* XCRemoteSwiftPackageReference "Then" */;
			productName = Then;
		};
		D23907F62D718FE900F19854 /* RxBlocking */ = {
			isa = XCSwiftPackageProductDependency;
			package = D23907F52D718FE900F19854 /* XCRemoteSwiftPackageReference "RxSwift" */;
			productName = RxBlocking;
		};
		D23907F82D718FE900F19854 /* RxCocoa */ = {
			isa = XCSwiftPackageProductDependency;
			package = D23907F52D718FE900F19854 /* XCRemoteSwiftPackageReference "RxSwift" */;
			productName = RxCocoa;
		};
		D23907FA2D718FE900F19854 /* RxRelay */ = {
			isa = XCSwiftPackageProductDependency;
			package = D23907F52D718FE900F19854 /* XCRemoteSwiftPackageReference "RxSwift" */;
			productName = RxRelay;
		};
/* End XCSwiftPackageProductDependency section */
	};
	rootObject = D23907B32D718E4700F19854 /* Project object */;
}
